Microsoft Visual Studio Solution File, Format Version 12.00
# Visual Studio Version 17
VisualStudioVersion = 17.5.2.0
MinimumVisualStudioVersion = 10.0.40219.1
Project("{2150E333-8FDC-42A3-9474-1A3956D46DE8}") = "UrlShortener", "UrlShortener", "{CF196C0D-7740-D851-EC99-C5BA8E544656}"
EndProject
Project("{FAE04EC0-301F-11D3-BF4B-00C04F79EFBC}") = "UrlShortener.Data", "UrlShortener\UrlShortener.Data\UrlShortener.Data.csproj", "{9D34C2ED-D942-6225-C8E3-AD1BACCE0CB7}"
EndProject
Project("{FAE04EC0-301F-11D3-BF4B-00C04F79EFBC}") = "UrlShortener.Services", "UrlShortener\UrlShortener.Services\UrlShortener.Services.csproj", "{1CAA5C78-CDFD-0011-8627-7BCA7C8FFBB0}"
EndProject
Project("{FAE04EC0-301F-11D3-BF4B-00C04F79EFBC}") = "UrlShortener.API", "UrlShortener\UrlShortener.API\UrlShortener.API.csproj", "{8F31EEDA-8072-DEBB-E4A0-287E09AD4EBA}"
EndProject
Project("{FAE04EC0-301F-11D3-BF4B-00C04F79EFBC}") = "UrlShortener.Common", "UrlShortener\UrlShortener.Common\UrlShortener.Common.csproj", "{0D0691AB-D6F4-2EA5-6867-630E700F216C}"
EndProject
Project("{FAE04EC0-301F-11D3-BF4B-00C04F79EFBC}") = "UrlShortener.MVC", "UrlShortener\UrlShortener.MVC\UrlShortener.MVC.csproj", "{7A6A9EF8-E834-30E6-2DC1-71D9A12E1CAA}"
EndProject
Global
	GlobalSection(SolutionConfigurationPlatforms) = preSolution
		Debug|Any CPU = Debug|Any CPU
		Release|Any CPU = Release|Any CPU
	EndGlobalSection
	GlobalSection(ProjectConfigurationPlatforms) = postSolution
		{9D34C2ED-D942-6225-C8E3-AD1BACCE0CB7}.Debug|Any CPU.ActiveCfg = Debug|Any CPU
		{9D34C2ED-D942-6225-C8E3-AD1BACCE0CB7}.Debug|Any CPU.Build.0 = Debug|Any CPU
		{9D34C2ED-D942-6225-C8E3-AD1BACCE0CB7}.Release|Any CPU.ActiveCfg = Release|Any CPU
		{9D34C2ED-D942-6225-C8E3-AD1BACCE0CB7}.Release|Any CPU.Build.0 = Release|Any CPU
		{1CAA5C78-CDFD-0011-8627-7BCA7C8FFBB0}.Debug|Any CPU.ActiveCfg = Debug|Any CPU
		{1CAA5C78-CDFD-0011-8627-7BCA7C8FFBB0}.Debug|Any CPU.Build.0 = Debug|Any CPU
		{1CAA5C78-CDFD-0011-8627-7BCA7C8FFBB0}.Release|Any CPU.ActiveCfg = Release|Any CPU
		{1CAA5C78-CDFD-0011-8627-7BCA7C8FFBB0}.Release|Any CPU.Build.0 = Release|Any CPU
		{8F31EEDA-8072-DEBB-E4A0-287E09AD4EBA}.Debug|Any CPU.ActiveCfg = Debug|Any CPU
		{8F31EEDA-8072-DEBB-E4A0-287E09AD4EBA}.Debug|Any CPU.Build.0 = Debug|Any CPU
		{8F31EEDA-8072-DEBB-E4A0-287E09AD4EBA}.Release|Any CPU.ActiveCfg = Release|Any CPU
		{8F31EEDA-8072-DEBB-E4A0-287E09AD4EBA}.Release|Any CPU.Build.0 = Release|Any CPU
		{0D0691AB-D6F4-2EA5-6867-630E700F216C}.Debug|Any CPU.ActiveCfg = Debug|Any CPU
		{0D0691AB-D6F4-2EA5-6867-630E700F216C}.Debug|Any CPU.Build.0 = Debug|Any CPU
		{0D0691AB-D6F4-2EA5-6867-630E700F216C}.Release|Any CPU.ActiveCfg = Release|Any CPU
		{0D0691AB-D6F4-2EA5-6867-630E700F216C}.Release|Any CPU.Build.0 = Release|Any CPU
		{7A6A9EF8-E834-30E6-2DC1-71D9A12E1CAA}.Debug|Any CPU.ActiveCfg = Debug|Any CPU
		{7A6A9EF8-E834-30E6-2DC1-71D9A12E1CAA}.Debug|Any CPU.Build.0 = Debug|Any CPU
		{7A6A9EF8-E834-30E6-2DC1-71D9A12E1CAA}.Release|Any CPU.ActiveCfg = Release|Any CPU
		{7A6A9EF8-E834-30E6-2DC1-71D9A12E1CAA}.Release|Any CPU.Build.0 = Release|Any CPU
	EndGlobalSection
	GlobalSection(SolutionProperties) = preSolution
		HideSolutionNode = FALSE
	EndGlobalSection
	GlobalSection(NestedProjects) = preSolution
		{9D34C2ED-D942-6225-C8E3-AD1BACCE0CB7} = {CF196C0D-7740-D851-EC99-C5BA8E544656}
		{1CAA5C78-CDFD-0011-8627-7BCA7C8FFBB0} = {CF196C0D-7740-D851-EC99-C5BA8E544656}
		{8F31EEDA-8072-DEBB-E4A0-287E09AD4EBA} = {CF196C0D-7740-D851-EC99-C5BA8E544656}
		{0D0691AB-D6F4-2EA5-6867-630E700F216C} = {CF196C0D-7740-D851-EC99-C5BA8E544656}
		{7A6A9EF8-E834-30E6-2DC1-71D9A12E1CAA} = {CF196C0D-7740-D851-EC99-C5BA8E544656}
	EndGlobalSection
	GlobalSection(ExtensibilityGlobals) = postSolution
		SolutionGuid = {F52BAF32-DA94-4ACB-847E-A10648672115}
	EndGlobalSection
EndGlobal
